// !$*UTF8*$!
{
	archiveVersion = 1;
	classes = {
	};
	objectVersion = 50;
	objects = {

/* Begin PBXBuildFile section */
		F43BCA252660CC2C00C0377D /* History.swift in Sources */ = {isa = PBXBuildFile; fileRef = F43BCA242660CC2C00C0377D /* History.swift */; };
		F43BCA282660CD7000C0377D /* HistoryGroup.swift in Sources */ = {isa = PBXBuildFile; fileRef = F43BCA272660CD7000C0377D /* HistoryGroup.swift */; };
		F44A2E3F2650FAB60071CCCB /* Calculator.swift in Sources */ = {isa = PBXBuildFile; fileRef = F44A2E3E2650FAB60071CCCB /* Calculator.swift */; };
		F44B53812650B2EA002EADAD /* AppDelegate.swift in Sources */ = {isa = PBXBuildFile; fileRef = F44B53802650B2EA002EADAD /* AppDelegate.swift */; };
		F44B53832650B2EA002EADAD /* SceneDelegate.swift in Sources */ = {isa = PBXBuildFile; fileRef = F44B53822650B2EA002EADAD /* SceneDelegate.swift */; };
		F44B53852650B2EA002EADAD /* ViewController.swift in Sources */ = {isa = PBXBuildFile; fileRef = F44B53842650B2EA002EADAD /* ViewController.swift */; };
		F44B53882650B2EA002EADAD /* Main.storyboard in Resources */ = {isa = PBXBuildFile; fileRef = F44B53862650B2EA002EADAD /* Main.storyboard */; };
		F44B538A2650B2EC002EADAD /* Assets.xcassets in Resources */ = {isa = PBXBuildFile; fileRef = F44B53892650B2EC002EADAD /* Assets.xcassets */; };
		F44B538D2650B2EC002EADAD /* LaunchScreen.storyboard in Resources */ = {isa = PBXBuildFile; fileRef = F44B538B2650B2EC002EADAD /* LaunchScreen.storyboard */; };
/* End PBXBuildFile section */

/* Begin PBXFileReference section */
		F43BCA242660CC2C00C0377D /* History.swift */ = {isa = PBXFileReference; lastKnownFileType = sourcecode.swift; path = History.swift; sourceTree = "<group>"; };
		F43BCA272660CD7000C0377D /* HistoryGroup.swift */ = {isa = PBXFileReference; lastKnownFileType = sourcecode.swift; path = HistoryGroup.swift; sourceTree = "<group>"; };
		F44A2E3E2650FAB60071CCCB /* Calculator.swift */ = {isa = PBXFileReference; lastKnownFileType = sourcecode.swift; path = Calculator.swift; sourceTree = "<group>"; };
		F44B537D2650B2EA002EADAD /* padculator.app */ = {isa = PBXFileReference; explicitFileType = wrapper.application; includeInIndex = 0; path = padculator.app; sourceTree = BUILT_PRODUCTS_DIR; };
		F44B53802650B2EA002EADAD /* AppDelegate.swift */ = {isa = PBXFileReference; lastKnownFileType = sourcecode.swift; path = AppDelegate.swift; sourceTree = "<group>"; };
		F44B53822650B2EA002EADAD /* SceneDelegate.swift */ = {isa = PBXFileReference; lastKnownFileType = sourcecode.swift; path = SceneDelegate.swift; sourceTree = "<group>"; };
		F44B53842650B2EA002EADAD /* ViewController.swift */ = {isa = PBXFileReference; lastKnownFileType = sourcecode.swift; path = ViewController.swift; sourceTree = "<group>"; };
		F44B53872650B2EA002EADAD /* Base */ = {isa = PBXFileReference; lastKnownFileType = file.storyboard; name = Base; path = Base.lproj/Main.storyboard; sourceTree = "<group>"; };
		F44B53892650B2EC002EADAD /* Assets.xcassets */ = {isa = PBXFileReference; lastKnownFileType = folder.assetcatalog; path = Assets.xcassets; sourceTree = "<group>"; };
		F44B538C2650B2EC002EADAD /* Base */ = {isa = PBXFileReference; lastKnownFileType = file.storyboard; name = Base; path = Base.lproj/LaunchScreen.storyboard; sourceTree = "<group>"; };
		F44B538E2650B2EC002EADAD /* Info.plist */ = {isa = PBXFileReference; lastKnownFileType = text.plist.xml; path = Info.plist; sourceTree = "<group>"; };
/* End PBXFileReference section */

/* Begin PBXFrameworksBuildPhase section */
		F44B537A2650B2EA002EADAD /* Frameworks */ = {
			isa = PBXFrameworksBuildPhase;
			buildActionMask = 2147483647;
			files = (
			);
			runOnlyForDeploymentPostprocessing = 0;
		};
/* End PBXFrameworksBuildPhase section */

/* Begin PBXGroup section */
		F44B53742650B2EA002EADAD = {
			isa = PBXGroup;
			children = (
				F44B537F2650B2EA002EADAD /* padculator */,
				F44B537E2650B2EA002EADAD /* Products */,
			);
			sourceTree = "<group>";
		};
		F44B537E2650B2EA002EADAD /* Products */ = {
			isa = PBXGroup;
			children = (
				F44B537D2650B2EA002EADAD /* padculator.app */,
			);
			name = Products;
			sourceTree = "<group>";
		};
		F44B537F2650B2EA002EADAD /* padculator */ = {
			isa = PBXGroup;
			children = (
				F44B53802650B2EA002EADAD /* AppDelegate.swift */,
				F44B53822650B2EA002EADAD /* SceneDelegate.swift */,
				F44B53842650B2EA002EADAD /* ViewController.swift */,
				F44B53862650B2EA002EADAD /* Main.storyboard */,
				F44B53892650B2EC002EADAD /* Assets.xcassets */,
				F44B538B2650B2EC002EADAD /* LaunchScreen.storyboard */,
				F44B538E2650B2EC002EADAD /* Info.plist */,
				F44A2E3E2650FAB60071CCCB /* Calculator.swift */,
				F43BCA242660CC2C00C0377D /* History.swift */,
				F43BCA272660CD7000C0377D /* HistoryGroup.swift */,
			);
			path = padculator;
			sourceTree = "<group>";
		};
/* End PBXGroup section */

/* Begin PBXNativeTarget section */
		F44B537C2650B2EA002EADAD /* padculator */ = {
			isa = PBXNativeTarget;
			buildConfigurationList = F44B53912650B2EC002EADAD /* Build configuration list for PBXNativeTarget "padculator" */;
			buildPhases = (
				F44B53792650B2EA002EADAD /* Sources */,
				F44B537A2650B2EA002EADAD /* Frameworks */,
				F44B537B2650B2EA002EADAD /* Resources */,
			);
			buildRules = (
			);
			dependencies = (
			);
			name = padculator;
			productName = padculator;
			productReference = F44B537D2650B2EA002EADAD /* padculator.app */;
			productType = "com.apple.product-type.application";
		};
/* End PBXNativeTarget section */

/* Begin PBXProject section */
		F44B53752650B2EA002EADAD /* Project object */ = {
			isa = PBXProject;
			attributes = {
				LastSwiftUpdateCheck = 1240;
				LastUpgradeCheck = 1240;
				TargetAttributes = {
					F44B537C2650B2EA002EADAD = {
						CreatedOnToolsVersion = 12.4;
					};
				};
			};
			buildConfigurationList = F44B53782650B2EA002EADAD /* Build configuration list for PBXProject "padculator" */;
			compatibilityVersion = "Xcode 9.3";
			developmentRegion = en;
			hasScannedForEncodings = 0;
			knownRegions = (
				en,
				Base,
			);
			mainGroup = F44B53742650B2EA002EADAD;
			productRefGroup = F44B537E2650B2EA002EADAD /* Products */;
			projectDirPath = "";
			projectRoot = "";
			targets = (
				F44B537C2650B2EA002EADAD /* padculator */,
			);
		};
/* End PBXProject section */

/* Begin PBXResourcesBuildPhase section */
		F44B537B2650B2EA002EADAD /* Resources */ = {
			isa = PBXResourcesBuildPhase;
			buildActionMask = 2147483647;
			files = (
				F44B538D2650B2EC002EADAD /* LaunchScreen.storyboard in Resources */,
				F44B538A2650B2EC002EADAD /* Assets.xcassets in Resources */,
				F44B53882650B2EA002EADAD /* Main.storyboard in Resources */,
			);
			runOnlyForDeploymentPostprocessing = 0;
		};
/* End PBXResourcesBuildPhase section */

/* Begin PBXSourcesBuildPhase section */
		F44B53792650B2EA002EADAD /* Sources */ = {
			isa = PBXSourcesBuildPhase;
			buildActionMask = 2147483647;
			files = (
				F44B53852650B2EA002EADAD /* ViewController.swift in Sources */,
				F44A2E3F2650FAB60071CCCB /* Calculator.swift in Sources */,
				F43BCA282660CD7000C0377D /* HistoryGroup.swift in Sources */,
				F44B53812650B2EA002EADAD /* AppDelegate.swift in Sources */,
				F44B53832650B2EA002EADAD /* SceneDelegate.swift in Sources */,
				F43BCA252660CC2C00C0377D /* History.swift in Sources */,
			);
			runOnlyForDeploymentPostprocessing = 0;
		};
/* End PBXSourcesBuildPhase section */

/* Begin PBXVariantGroup section */
		F44B53862650B2EA002EADAD /* Main.storyboard */ = {
			isa = PBXVariantGroup;
			children = (
				F44B53872650B2EA002EADAD /* Base */,
			);
			name = Main.storyboard;
			sourceTree = "<group>";
		};
		F44B538B2650B2EC002EADAD /* LaunchScreen.storyboard */ = {
			isa = PBXVariantGroup;
			children = (
				F44B538C2650B2EC002EADAD /* Base */,
			);
			name = LaunchScreen.storyboard;
			sourceTree = "<group>";
		};
/* End PBXVariantGroup section */

/* Begin XCBuildConfiguration section */
		F44B538F2650B2EC002EADAD /* Debug */ = {
			isa = XCBuildConfiguration;
			buildSettings = {
				ALWAYS_SEARCH_USER_PATHS = NO;
				CLANG_ANALYZER_NONNULL = YES;
				CLANG_ANALYZER_NUMBER_OBJECT_CONVERSION = YES_AGGRESSIVE;
				CLANG_CXX_LANGUAGE_STANDARD = "gnu++14";
				CLANG_CXX_LIBRARY = "libc++";
				CLANG_ENABLE_MODULES = YES;
				CLANG_ENABLE_OBJC_ARC = YES;
				CLANG_ENABLE_OBJC_WEAK = YES;
				CLANG_WARN_BLOCK_CAPTURE_AUTORELEASING = YES;
				CLANG_WARN_BOOL_CONVERSION = YES;
				CLANG_WARN_COMMA = YES;
				CLANG_WARN_CONSTANT_CONVERSION = YES;
				CLANG_WARN_DEPRECATED_OBJC_IMPLEMENTATIONS = YES;
				CLANG_WARN_DIRECT_OBJC_ISA_USAGE = YES_ERROR;
				CLANG_WARN_DOCUMENTATION_COMMENTS = YES;
				CLANG_WARN_EMPTY_BODY = YES;
				CLANG_WARN_ENUM_CONVERSION = YES;
				CLANG_WARN_INFINITE_RECURSION = YES;
				CLANG_WARN_INT_CONVERSION = YES;
				CLANG_WARN_NON_LITERAL_NULL_CONVERSION = YES;
				CLANG_WARN_OBJC_IMPLICIT_RETAIN_SELF = YES;
				CLANG_WARN_OBJC_LITERAL_CONVERSION = YES;
				CLANG_WARN_OBJC_ROOT_CLASS = YES_ERROR;
				CLANG_WARN_QUOTED_INCLUDE_IN_FRAMEWORK_HEADER = YES;
				CLANG_WARN_RANGE_LOOP_ANALYSIS = YES;
				CLANG_WARN_STRICT_PROTOTYPES = YES;
				CLANG_WARN_SUSPICIOUS_MOVE = YES;
				CLANG_WARN_UNGUARDED_AVAILABILITY = YES_AGGRESSIVE;
				CLANG_WARN_UNREACHABLE_CODE = YES;
				CLANG_WARN__DUPLICATE_METHOD_MATCH = YES;
				COPY_PHASE_STRIP = NO;
				DEBUG_INFORMATION_FORMAT = dwarf;
				ENABLE_STRICT_OBJC_MSGSEND = YES;
				ENABLE_TESTABILITY = YES;
				GCC_C_LANGUAGE_STANDARD = gnu11;
				GCC_DYNAMIC_NO_PIC = NO;
				GCC_NO_COMMON_BLOCKS = YES;
				GCC_OPTIMIZATION_LEVEL = 0;
				GCC_PREPROCESSOR_DEFINITIONS = (
					"DEBUG=1",
					"$(inherited)",
				);
				GCC_WARN_64_TO_32_BIT_CONVERSION = YES;
				GCC_WARN_ABOUT_RETURN_TYPE = YES_ERROR;
				GCC_WARN_UNDECLARED_SELECTOR = YES;
				GCC_WARN_UNINITIALIZED_AUTOS = YES_AGGRESSIVE;
				GCC_WARN_UNUSED_FUNCTION = YES;
				GCC_WARN_UNUSED_VARIABLE = YES;
				IPHONEOS_DEPLOYMENT_TARGET = 14.4;
				MTL_ENABLE_DEBUG_INFO = INCLUDE_SOURCE;
				MTL_FAST_MATH = YES;
				ONLY_ACTIVE_ARCH = YES;
				SDKROOT = iphoneos;
				SWIFT_ACTIVE_COMPILATION_CONDITIONS = DEBUG;
				SWIFT_OPTIMIZATION_LEVEL = "-Onone";
			};
			name = Debug;
		};
		F44B53902650B2EC002EADAD /* Release */ = {
			isa = XCBuildConfiguration;
			buildSettings = {
				ALWAYS_SEARCH_USER_PATHS = NO;
				CLANG_ANALYZER_NONNULL = YES;
				CLANG_ANALYZER_NUMBER_OBJECT_CONVERSION = YES_AGGRESSIVE;
				CLANG_CXX_LANGUAGE_STANDARD = "gnu++14";
				CLANG_CXX_LIBRARY = "libc++";
				CLANG_ENABLE_MODULES = YES;
				CLANG_ENABLE_OBJC_ARC = YES;
				CLANG_ENABLE_OBJC_WEAK = YES;
				CLANG_WARN_BLOCK_CAPTURE_AUTORELEASING = YES;
				CLANG_WARN_BOOL_CONVERSION = YES;
				CLANG_WARN_COMMA = YES;
				CLANG_WARN_CONSTANT_CONVERSION = YES;
				CLANG_WARN_DEPRECATED_OBJC_IMPLEMENTATIONS = YES;
				CLANG_WARN_DIRECT_OBJC_ISA_USAGE = YES_ERROR;
				CLANG_WARN_DOCUMENTATION_COMMENTS = YES;
				CLANG_WARN_EMPTY_BODY = YES;
				CLANG_WARN_ENUM_CONVERSION = YES;
				CLANG_WARN_INFINITE_RECURSION = YES;
				CLANG_WARN_INT_CONVERSION = YES;
				CLANG_WARN_NON_LITERAL_NULL_CONVERSION = YES;
				CLANG_WARN_OBJC_IMPLICIT_RETAIN_SELF = YES;
				CLANG_WARN_OBJC_LITERAL_CONVERSION = YES;
				CLANG_WARN_OBJC_ROOT_CLASS = YES_ERROR;
				CLANG_WARN_QUOTED_INCLUDE_IN_FRAMEWORK_HEADER = YES;
				CLANG_WARN_RANGE_LOOP_ANALYSIS = YES;
				CLANG_WARN_STRICT_PROTOTYPES = YES;
				CLANG_WARN_SUSPICIOUS_MOVE = YES;
				CLANG_WARN_UNGUARDED_AVAILABILITY = YES_AGGRESSIVE;
				CLANG_WARN_UNREACHABLE_CODE = YES;
				CLANG_WARN__DUPLICATE_METHOD_MATCH = YES;
				COPY_PHASE_STRIP = NO;
				DEBUG_INFORMATION_FORMAT = "dwarf-with-dsym";
				ENABLE_NS_ASSERTIONS = NO;
				ENABLE_STRICT_OBJC_MSGSEND = YES;
				GCC_C_LANGUAGE_STANDARD = gnu11;
				GCC_NO_COMMON_BLOCKS = YES;
				GCC_WARN_64_TO_32_BIT_CONVERSION = YES;
				GCC_WARN_ABOUT_RETURN_TYPE = YES_ERROR;
				GCC_WARN_UNDECLARED_SELECTOR = YES;
				GCC_WARN_UNINITIALIZED_AUTOS = YES_AGGRESSIVE;
				GCC_WARN_UNUSED_FUNCTION = YES;
				GCC_WARN_UNUSED_VARIABLE = YES;
				IPHONEOS_DEPLOYMENT_TARGET = 14.4;
				MTL_ENABLE_DEBUG_INFO = NO;
				MTL_FAST_MATH = YES;
				SDKROOT = iphoneos;
				SWIFT_COMPILATION_MODE = wholemodule;
				SWIFT_OPTIMIZATION_LEVEL = "-O";
				VALIDATE_PRODUCT = YES;
			};
			name = Release;
		};
		F44B53922650B2EC002EADAD /* Debug */ = {
			isa = XCBuildConfiguration;
			buildSettings = {
				ASSETCATALOG_COMPILER_APPICON_NAME = AppIcon;
				ASSETCATALOG_COMPILER_GLOBAL_ACCENT_COLOR_NAME = AccentColor;
				CODE_SIGN_STYLE = Automatic;
				INFOPLIST_FILE = padculator/Info.plist;
				LD_RUNPATH_SEARCH_PATHS = (
					"$(inherited)",
					"@executable_path/Frameworks",
				);
				PRODUCT_BUNDLE_IDENTIFIER = com.sysbot32.padculator;
				PRODUCT_NAME = "$(TARGET_NAME)";
				SWIFT_VERSION = 5.0;
				TARGETED_DEVICE_FAMILY = "1,2";
			};
			name = Debug;
		};
		F44B53932650B2EC002EADAD /* Release */ = {
			isa = XCBuildConfiguration;
			buildSettings = {
				ASSETCATALOG_COMPILER_APPICON_NAME = AppIcon;
				ASSETCATALOG_COMPILER_GLOBAL_ACCENT_COLOR_NAME = AccentColor;
				CODE_SIGN_STYLE = Automatic;
				INFOPLIST_FILE = padculator/Info.plist;
				LD_RUNPATH_SEARCH_PATHS = (
					"$(inherited)",
					"@executable_path/Frameworks",
				);
				PRODUCT_BUNDLE_IDENTIFIER = com.sysbot32.padculator;
				PRODUCT_NAME = "$(TARGET_NAME)";
				SWIFT_VERSION = 5.0;
				TARGETED_DEVICE_FAMILY = "1,2";
			};
			name = Release;
		};
/* End XCBuildConfiguration section */

/* Begin XCConfigurationList section */
		F44B53782650B2EA002EADAD /* Build configuration list for PBXProject "padculator" */ = {
			isa = XCConfigurationList;
			buildConfigurations = (
				F44B538F2650B2EC002EADAD /* Debug */,
				F44B53902650B2EC002EADAD /* Release */,
			);
			defaultConfigurationIsVisible = 0;
			defaultConfigurationName = Release;
		};
		F44B53912650B2EC002EADAD /* Build configuration list for PBXNativeTarget "padculator" */ = {
			isa = XCConfigurationList;
			buildConfigurations = (
				F44B53922650B2EC002EADAD /* Debug */,
				F44B53932650B2EC002EADAD /* Release */,
			);
			defaultConfigurationIsVisible = 0;
			defaultConfigurationName = Release;
		};
/* End XCConfigurationList section */
	};
	rootObject = F44B53752650B2EA002EADAD /* Project object */;
}
